
Microsoft Visual Studio Solution File, Format Version 12.00
# Visual Studio Version 16
VisualStudioVersion = 16.0.30128.74
MinimumVisualStudioVersion = 10.0.40219.1
Project("{FAE04EC0-301F-11D3-BF4B-00C04F79EFBC}") = "projectASP03", "projectASP03\projectASP03.csproj", "{CF6CC589-A420-45B8-B793-2CFD7C38F7BF}"
EndProject
Project("{FAE04EC0-301F-11D3-BF4B-00C04F79EFBC}") = "Models", "Models\Models.csproj", "{1D1BC3A1-551E-4DBF-BD4A-4FE64AD07716}"
EndProject
Global
	GlobalSection(SolutionConfigurationPlatforms) = preSolution
		Debug|Any CPU = Debug|Any CPU
		Release|Any CPU = Release|Any CPU
	EndGlobalSection
	GlobalSection(ProjectConfigurationPlatforms) = postSolution
		{CF6CC589-A420-45B8-B793-2CFD7C38F7BF}.Debug|Any CPU.ActiveCfg = Debug|Any CPU
		{CF6CC589-A420-45B8-B793-2CFD7C38F7BF}.Debug|Any CPU.Build.0 = Debug|Any CPU
		{CF6CC589-A420-45B8-B793-2CFD7C38F7BF}.Release|Any CPU.ActiveCfg = Release|Any CPU
		{CF6CC589-A420-45B8-B793-2CFD7C38F7BF}.Release|Any CPU.Build.0 = Release|Any CPU
		{1D1BC3A1-551E-4DBF-BD4A-4FE64AD07716}.Debug|Any CPU.ActiveCfg = Debug|Any CPU
		{1D1BC3A1-551E-4DBF-BD4A-4FE64AD07716}.Debug|Any CPU.Build.0 = Debug|Any CPU
		{1D1BC3A1-551E-4DBF-BD4A-4FE64AD07716}.Release|Any CPU.ActiveCfg = Release|Any CPU
		{1D1BC3A1-551E-4DBF-BD4A-4FE64AD07716}.Release|Any CPU.Build.0 = Release|Any CPU
	EndGlobalSection
	GlobalSection(SolutionProperties) = preSolution
		HideSolutionNode = FALSE
	EndGlobalSection
	GlobalSection(ExtensibilityGlobals) = postSolution
		SolutionGuid = {1AD79327-51F9-4468-9079-44CB7A6B7D61}
	EndGlobalSection
EndGlobal
